
Microsoft Visual Studio Solution File, Format Version 12.00
# Visual Studio Version 17
VisualStudioVersion = 17.8.34330.188
MinimumVisualStudioVersion = 10.0.40219.1
Project("{FAE04EC0-301F-11D3-BF4B-00C04F79EFBC}") = "microsoftLearnExercise14", "microsoftLearnExercise14\microsoftLearnExercise14.csproj", "{FC7B828F-D080-4987-B7BF-F07B06C62197}"
EndProject
Global
	GlobalSection(SolutionConfigurationPlatforms) = preSolution
		Debug|Any CPU = Debug|Any CPU
		Release|Any CPU = Release|Any CPU
	EndGlobalSection
	GlobalSection(ProjectConfigurationPlatforms) = postSolution
		{FC7B828F-D080-4987-B7BF-F07B06C62197}.Debug|Any CPU.ActiveCfg = Debug|Any CPU
		{FC7B828F-D080-4987-B7BF-F07B06C62197}.Debug|Any CPU.Build.0 = Debug|Any CPU
		{FC7B828F-D080-4987-B7BF-F07B06C62197}.Release|Any CPU.ActiveCfg = Release|Any CPU
		{FC7B828F-D080-4987-B7BF-F07B06C62197}.Release|Any CPU.Build.0 = Release|Any CPU
	EndGlobalSection
	GlobalSection(SolutionProperties) = preSolution
		HideSolutionNode = FALSE
	EndGlobalSection
	GlobalSection(ExtensibilityGlobals) = postSolution
		SolutionGuid = {82001CC5-4D4C-4AA5-BCA0-3BF737946C29}
	EndGlobalSection
EndGlobal
